
Microsoft Visual Studio Solution File, Format Version 12.00
# Visual Studio 15
VisualStudioVersion = 15.0.28010.2050
MinimumVisualStudioVersion = 10.0.40219.1
Project("{FAE04EC0-301F-11D3-BF4B-00C04F79EFBC}") = "Lab5", "Lab5\Lab5.csproj", "{6FA6DB5A-3B57-45F2-B592-DC37CC3B4CA0}"
EndProject
Global
	GlobalSection(SolutionConfigurationPlatforms) = preSolution
		Debug|Any CPU = Debug|Any CPU
		Release|Any CPU = Release|Any CPU
	EndGlobalSection
	GlobalSection(ProjectConfigurationPlatforms) = postSolution
		{6FA6DB5A-3B57-45F2-B592-DC37CC3B4CA0}.Debug|Any CPU.ActiveCfg = Debug|Any CPU
		{6FA6DB5A-3B57-45F2-B592-DC37CC3B4CA0}.Debug|Any CPU.Build.0 = Debug|Any CPU
		{6FA6DB5A-3B57-45F2-B592-DC37CC3B4CA0}.Release|Any CPU.ActiveCfg = Release|Any CPU
		{6FA6DB5A-3B57-45F2-B592-DC37CC3B4CA0}.Release|Any CPU.Build.0 = Release|Any CPU
	EndGlobalSection
	GlobalSection(SolutionProperties) = preSolution
		HideSolutionNode = FALSE
	EndGlobalSection
	GlobalSection(ExtensibilityGlobals) = postSolution
		SolutionGuid = {36E9AF6B-BE0D-49FD-A85F-5EBD0C356581}
	EndGlobalSection
EndGlobal
